
Microsoft Visual Studio Solution File, Format Version 12.00
# Visual Studio 15
VisualStudioVersion = 15.0.27703.2035
MinimumVisualStudioVersion = 10.0.40219.1
Project("{FAE04EC0-301F-11D3-BF4B-00C04F79EFBC}") = "CharacterCreatorForm", "CharacterCreatorForm\CharacterCreatorForm.csproj", "{653DE66D-61B5-4A3E-A539-A72C1AB24FB9}"
EndProject
Global
	GlobalSection(SolutionConfigurationPlatforms) = preSolution
		Debug|Any CPU = Debug|Any CPU
		Release|Any CPU = Release|Any CPU
	EndGlobalSection
	GlobalSection(ProjectConfigurationPlatforms) = postSolution
		{653DE66D-61B5-4A3E-A539-A72C1AB24FB9}.Debug|Any CPU.ActiveCfg = Debug|Any CPU
		{653DE66D-61B5-4A3E-A539-A72C1AB24FB9}.Debug|Any CPU.Build.0 = Debug|Any CPU
		{653DE66D-61B5-4A3E-A539-A72C1AB24FB9}.Release|Any CPU.ActiveCfg = Release|Any CPU
		{653DE66D-61B5-4A3E-A539-A72C1AB24FB9}.Release|Any CPU.Build.0 = Release|Any CPU
	EndGlobalSection
	GlobalSection(SolutionProperties) = preSolution
		HideSolutionNode = FALSE
	EndGlobalSection
	GlobalSection(ExtensibilityGlobals) = postSolution
		SolutionGuid = {955067D3-3DA7-4700-A78F-57F30282904E}
	EndGlobalSection
EndGlobal
